Microsoft Visual Studio Solution File, Format Version 12.00
# Visual Studio Version 17
VisualStudioVersion = 17.5.2.0
MinimumVisualStudioVersion = 10.0.40219.1
Project("{FAE04EC0-301F-11D3-BF4B-00C04F79EFBC}") = "BikeRental.Api", "BikeRental.Api.csproj", "{C2CF3C30-CA11-1A67-2F17-A7DECDF28EAE}"
EndProject
Global
	GlobalSection(SolutionConfigurationPlatforms) = preSolution
		Debug|Any CPU = Debug|Any CPU
		Release|Any CPU = Release|Any CPU
	EndGlobalSection
	GlobalSection(ProjectConfigurationPlatforms) = postSolution
		{C2CF3C30-CA11-1A67-2F17-A7DECDF28EAE}.Debug|Any CPU.ActiveCfg = Debug|Any CPU
		{C2CF3C30-CA11-1A67-2F17-A7DECDF28EAE}.Debug|Any CPU.Build.0 = Debug|Any CPU
		{C2CF3C30-CA11-1A67-2F17-A7DECDF28EAE}.Release|Any CPU.ActiveCfg = Release|Any CPU
		{C2CF3C30-CA11-1A67-2F17-A7DECDF28EAE}.Release|Any CPU.Build.0 = Release|Any CPU
	EndGlobalSection
	GlobalSection(SolutionProperties) = preSolution
		HideSolutionNode = FALSE
	EndGlobalSection
	GlobalSection(ExtensibilityGlobals) = postSolution
		SolutionGuid = {29A5B329-35C7-4F7C-BA2E-526E6BD967D9}
	EndGlobalSection
EndGlobal
